
Microsoft Visual Studio Solution File, Format Version 12.00
# Visual Studio Version 17
VisualStudioVersion = 17.14.36202.13
MinimumVisualStudioVersion = 10.0.40219.1
Project("{FAE04EC0-301F-11D3-BF4B-00C04F79EFBC}") = "ECommerce.API", "ECommerce.API\ECommerce.API.csproj", "{C914D5E8-40F9-457F-89D7-9E78F9295CD4}"
EndProject
Project("{2150E333-8FDC-42A3-9474-1A3956D46DE8}") = "ScriptsSQL", "ScriptsSQL", "{02EA681E-C7D8-13C7-8484-4AC65E1B71E8}"
	ProjectSection(SolutionItems) = preProject
		Insert.sql = Insert.sql
		Tabelas.sql = Tabelas.sql
	EndProjectSection
EndProject
Global
	GlobalSection(SolutionConfigurationPlatforms) = preSolution
		Debug|Any CPU = Debug|Any CPU
		Release|Any CPU = Release|Any CPU
	EndGlobalSection
	GlobalSection(ProjectConfigurationPlatforms) = postSolution
		{C914D5E8-40F9-457F-89D7-9E78F9295CD4}.Debug|Any CPU.ActiveCfg = Debug|Any CPU
		{C914D5E8-40F9-457F-89D7-9E78F9295CD4}.Debug|Any CPU.Build.0 = Debug|Any CPU
		{C914D5E8-40F9-457F-89D7-9E78F9295CD4}.Release|Any CPU.ActiveCfg = Release|Any CPU
		{C914D5E8-40F9-457F-89D7-9E78F9295CD4}.Release|Any CPU.Build.0 = Release|Any CPU
	EndGlobalSection
	GlobalSection(SolutionProperties) = preSolution
		HideSolutionNode = FALSE
	EndGlobalSection
	GlobalSection(ExtensibilityGlobals) = postSolution
		SolutionGuid = {D7D554B4-01E0-43F3-9858-00C0936C5A6D}
	EndGlobalSection
EndGlobal
